
Microsoft Visual Studio Solution File, Format Version 12.00
# Visual Studio Version 17
VisualStudioVersion = 17.2.32630.192
MinimumVisualStudioVersion = 10.0.40219.1
Project("{FAE04EC0-301F-11D3-BF4B-00C04F79EFBC}") = "Neural Network", "Neural Network.csproj", "{CA616590-F34B-4DB0-934C-F3E507FAC91B}"
EndProject
Global
	GlobalSection(SolutionConfigurationPlatforms) = preSolution
		Debug|Any CPU = Debug|Any CPU
		Release|Any CPU = Release|Any CPU
	EndGlobalSection
	GlobalSection(ProjectConfigurationPlatforms) = postSolution
		{CA616590-F34B-4DB0-934C-F3E507FAC91B}.Debug|Any CPU.ActiveCfg = Debug|Any CPU
		{CA616590-F34B-4DB0-934C-F3E507FAC91B}.Debug|Any CPU.Build.0 = Debug|Any CPU
		{CA616590-F34B-4DB0-934C-F3E507FAC91B}.Release|Any CPU.ActiveCfg = Release|Any CPU
		{CA616590-F34B-4DB0-934C-F3E507FAC91B}.Release|Any CPU.Build.0 = Release|Any CPU
	EndGlobalSection
	GlobalSection(SolutionProperties) = preSolution
		HideSolutionNode = FALSE
	EndGlobalSection
	GlobalSection(ExtensibilityGlobals) = postSolution
		SolutionGuid = {2704D2D2-2CC8-464E-9523-7435E2746FC0}
	EndGlobalSection
EndGlobal
